	<Project xmlns="http://schemas.microsoft.com/developer/msbuild/2003">
		<PropertyGroup>
			<ProjectGuid>{DD18DA17-BA99-46F5-9C14-5CD54A814D07}</ProjectGuid>
			<ProjectVersion>13.4</ProjectVersion>
			<FrameworkType>None</FrameworkType>
			<MainSource>Prosody.dpr</MainSource>
			<Base>True</Base>
			<Config Condition="'$(Config)'==''">Release</Config>
			<Platform Condition="'$(Platform)'==''">Win32</Platform>
			<TargetedPlatforms>1</TargetedPlatforms>
			<AppType>Console</AppType>
		</PropertyGroup>
		<PropertyGroup Condition="'$(Config)'=='Base' or '$(Base)'!=''">
			<Base>true</Base>
		</PropertyGroup>
		<PropertyGroup Condition="('$(Platform)'=='Win64' and '$(Base)'=='true') or '$(Base_Win64)'!=''">
			<Base_Win64>true</Base_Win64>
			<CfgParent>Base</CfgParent>
			<Base>true</Base>
		</PropertyGroup>
		<PropertyGroup Condition="('$(Platform)'=='Win32' and '$(Base)'=='true') or '$(Base_Win32)'!=''">
			<Base_Win32>true</Base_Win32>
			<CfgParent>Base</CfgParent>
			<Base>true</Base>
		</PropertyGroup>
		<PropertyGroup Condition="'$(Config)'=='Debug' or '$(Cfg_1)'!=''">
			<Cfg_1>true</Cfg_1>
			<CfgParent>Base</CfgParent>
			<Base>true</Base>
		</PropertyGroup>
		<PropertyGroup Condition="('$(Platform)'=='Win32' and '$(Cfg_1)'=='true') or '$(Cfg_1_Win32)'!=''">
			<Cfg_1_Win32>true</Cfg_1_Win32>
			<CfgParent>Cfg_1</CfgParent>
			<Cfg_1>true</Cfg_1>
			<Base>true</Base>
		</PropertyGroup>
		<PropertyGroup Condition="'$(Config)'=='Release' or '$(Cfg_2)'!=''">
			<Cfg_2>true</Cfg_2>
			<CfgParent>Base</CfgParent>
			<Base>true</Base>
		</PropertyGroup>
		<PropertyGroup Condition="('$(Platform)'=='Win32' and '$(Cfg_2)'=='true') or '$(Cfg_2_Win32)'!=''">
			<Cfg_2_Win32>true</Cfg_2_Win32>
			<CfgParent>Cfg_2</CfgParent>
			<Cfg_2>true</Cfg_2>
			<Base>true</Base>
		</PropertyGroup>
		<PropertyGroup Condition="'$(Base)'!=''">
			<VerInfo_MajorVer>0</VerInfo_MajorVer>
			<VerInfo_MinorVer>9</VerInfo_MinorVer>
			<VerInfo_IncludeVerInfo>true</VerInfo_IncludeVerInfo>
			<Icon_MainIcon>prosody.ico</Icon_MainIcon>
			<Manifest_File>Microsoft.VC80.CRT.manifest</Manifest_File>
			<VerInfo_Locale>1036</VerInfo_Locale>
			<VerInfo_Keys>CompanyName=Crisalid;FileDescription=Service loader for Prodody;FileVersion=0.9.0.0;InternalName=Prosody;LegalCopyright=©2012 - Crisalid;LegalTrademarks=;OriginalFilename=;ProductName=Prosody;ProductVersion=0.9;Comments=</VerInfo_Keys>
			<DCC_Namespace>System;Xml;Data;Datasnap;Web;Soap;$(DCC_Namespace)</DCC_Namespace>
			<DCC_UsePackage>fmx;IndySystem;DBXInterBaseDriver;DataSnapClient;DataSnapCommon;DataSnapServer;DataSnapProviderClient;DbxCommonDriver;dbxcds;DBXOracleDriver;CustomIPTransport;dsnap;fmxase;IndyCore;inetdbxpress;IPIndyImpl;bindcompfmx;rtl;dbrtl;DbxClientDriver;bindcomp;inetdb;xmlrtl;ibxpress;IndyProtocols;DBXMySQLDriver;bindengine;soaprtl;DBXInformixDriver;DBXFirebirdDriver;inet;fmxobj;DBXSybaseASADriver;fmxdae;dbexpress;DataSnapIndy10ServerTransport;$(DCC_UsePackage)</DCC_UsePackage>
			<DCC_DcuOutput>.\$(Platform)\$(Config)</DCC_DcuOutput>
			<DCC_ExeOutput>..\bin</DCC_ExeOutput>
		</PropertyGroup>
		<PropertyGroup Condition="'$(Base_Win64)'!=''">
			<DCC_UsePackage>vclib;DBXSybaseASEDriver;vclimg;vcldb;vcldsnap;DBXDb2Driver;vcl;UIBD16Win32R;DBXMSSQLDriver;webdsnap;adortl;OverbyteIcsDXe2Run;DBXOdbcDriver;SynEdit_RXE2;vclactnband;bindcompvcl;vclie;vcltouch;websnap;VclSmp;DataSnapConnectors;dsnapcon;vclx;VirtualTreesR;$(DCC_UsePackage)</DCC_UsePackage>
		</PropertyGroup>
		<PropertyGroup Condition="'$(Base_Win32)'!=''">
			<Debugger_IncludeSystemVars>true</Debugger_IncludeSystemVars>
			<Debugger_CWD>D:\RAD Studio\Projets\Prosody</Debugger_CWD>
			<Debugger_EnvVars>&quot;Path=D:\RAD Studio\Projets\Prosody\bin;C:\MinGW\bin;C:\Program Files (x86)\NVIDIA Corporation\PhysX\Common;C:\Program Files\Common Files\Microsoft Shared\Windows Live;C:\Program Files (x86)\Common Files\Microsoft Shared\Windows Live;C:\Program Files (x86)\Embarcadero\RAD Studio\9.0\bin;C:\Users\Public\Documents\RAD Studio\9.0\Bpl;C:\Program Files (x86)\Embarcadero\RAD Studio\9.0\bin64;C:\Users\Public\Documents\RAD Studio\9.0\Bpl\Win64;C:\Perl64\site\bin;C:\Perl64\bin;C:\Program Files (x86)\CollabNet\Subversion Client;C:\Program Files (x86)\CollabNet\Subversion Client;C:\Program Files (x86)\Embarcadero\RAD Studio\9.0\bin;C:\Users\Public\Documents\RAD Studio\9.0\Bpl;C:\Program Files (x86)\Embarcadero\RAD Studio\7.0\bin;C:\Users\Public\Documents\RAD Studio\7.0\Bpl;C:\Windows\system32;C:\Windows;C:\Windows\System32\Wbem;C:\Windows\System32\WindowsPowerShell\v1.0\;C:\Program Files (x86)\Common Files\GTK\2.0\bin;C:\Program Files\Microsoft Windows Performance Toolkit\;C:\Program Files (x86)\Microsoft SQL Server\100\Tools\Binn\;C:\Program Files\Microsoft SQL Server\100\Tools\Binn\;C:\Program Files\Microsoft SQL Server\100\DTS\Binn\;C:\Program Files (x86)\Windows Live\Shared;C:\Program Files (x86)\Embarcadero\Prism\bin;C:\Program Files (x86)\Embarcadero\Prism\bin;C:\Program Files (x86)\OPOS\Epson2;C:\Program Files (x86)\Embarcadero\Prism\bin;C:\Program Files (x86)\Embarcadero\Prism\bin;C:\Program Files\TortoiseSVN\bin;C:\Program Files (x86)\QuickTime\QTSystem\;C:\Program Files (x86)\Microsoft SQL Server\90\Tools\binn\;C:\Program Files\TortoiseHg\;C:\Program Files\nodejs\;C:\Program Files\TortoiseGit\bin;C:\Rails\Git\cmd;C:\Rails\Ruby1.9.3\bin;C:\Windows\system32;C:\Windows;C:\Windows\System32\Wbem;C:\Windows\System32\WindowsPowerShell\v1.0\;C:\Program Files\Intel\DMIX;D:\Outils\bin;C:\Program Files (x86)\Firebird\2.1\bin;C:\Users\Pierre\AppData\Roaming\npm\&quot;;$(Debugger_EnvVars)</Debugger_EnvVars>
			<DCC_Namespace>Winapi;System.Win;Data.Win;Datasnap.Win;Web.Win;Soap.Win;Xml.Win;Bde;$(DCC_Namespace)</DCC_Namespace>
			<VerInfo_Locale>1033</VerInfo_Locale>
			<DCC_UsePackage>fsADO16;JvGlobus;JvMM;JvManagedThreads;frcd16;JvDlgs;JvCrypt;TeeUI916;Tee916;vclib;inetdbbde;frxBDE16;TeePro916;FmxTeeUI916;JvNet;TeeMaker116;JvDotNetCtrls;DBXSybaseASEDriver;fsIBX16;vclimg;fmi;JvXPCtrls;vcldb;Apesuite;vcldsnap;GJLComponentsR16;FMXTeeDB916;DBXDb2Driver;Intraweb_120_160;JvCore;frxADO16;vclribbon;frxe16;vcl;FMXTeePro916;UIBD16Win32R;CloudService;DBXMSSQLDriver;fsTee16;tmsexdxe2;JvAppFrm;JvDB;JvRuntimeDesign;FMXTee916;tmsdxe2;webdsnap;TeeDB916;fcd16;JclDeveloperTools;JvDocking;adortl;JvWizards;ComboBoxPlusR16;TeeLanguage916;madBasic_;JvHMI;frxDBX16;TeeImage916;JvBands;vcldbx;frx16;VirtualTreesD;OverbyteIcsDXe2Run;JvPluginSystem;TeeWorld916;JclContainers;DBXOdbcDriver;JvCmp;madDisAsm_;JvSystem;svnui;SynEdit_RXE2;JvControls;JvTimeFramework;fsBDE16;intrawebdb_120_160;frxDB16;TeeGL916;fs16;vclactnband;JvJans;JvPrintPreview;PrYComponentsR16;bindcompvcl;JvStdCtrls;frxcs16;Jcl;vclie;JvCustom;JvPageComps;madExcept_;tmsxlsdxe2;vcltouch;websnap;VclSmp;fsDB16;TeeTree2D16Tee9;DataSnapConnectors;dsnapcon;GrizzlyBaseR16;JclVcl;JvPascalInterpreter;vclx;tmswizdxe2;TiersR16;svn;FMXTeeLanguage916;CxLibR16;bdertl;VirtualTreesR;frxIBX16;JvBDE;$(DCC_UsePackage)</DCC_UsePackage>
		</PropertyGroup>
		<PropertyGroup Condition="'$(Cfg_1)'!=''">
			<DCC_Define>DEBUG;CONSOLEAPP;$(DCC_Define)</DCC_Define>
			<DCC_Optimize>false</DCC_Optimize>
			<DCC_GenerateStackFrames>true</DCC_GenerateStackFrames>
			<DCC_DebugInfoInExe>true</DCC_DebugInfoInExe>
			<DCC_RemoteDebug>true</DCC_RemoteDebug>
		</PropertyGroup>
		<PropertyGroup Condition="'$(Cfg_1_Win32)'!=''">
			<Debugger_RunParams>toto a=b</Debugger_RunParams>
			<Debugger_EnvVars>Path=D:\RAD Studio\Projets\Prosody\bin;$(Debugger_EnvVars)</Debugger_EnvVars>
			<VerInfo_Locale>1033</VerInfo_Locale>
			<DCC_RemoteDebug>false</DCC_RemoteDebug>
		</PropertyGroup>
		<PropertyGroup Condition="'$(Cfg_2)'!=''">
			<DCC_LocalDebugSymbols>false</DCC_LocalDebugSymbols>
			<DCC_Define>RELEASE;$(DCC_Define)</DCC_Define>
			<DCC_SymbolReferenceInfo>0</DCC_SymbolReferenceInfo>
			<DCC_DebugInformation>false</DCC_DebugInformation>
		</PropertyGroup>
		<PropertyGroup Condition="'$(Cfg_2_Win32)'!=''">
			<ILINK_MapFileType>DetailedSegments</ILINK_MapFileType>
			<MapFile>3</MapFile>
			<DCC_MapFile>3</DCC_MapFile>
			<VerInfo_Locale>1033</VerInfo_Locale>
		</PropertyGroup>
		<ItemGroup>
			<DelphiCompile Include="$(MainSource)">
				<MainSource>MainSource</MainSource>
			</DelphiCompile>
			<DCCReference Include="prosody.main.pas"/>
			<DCCReference Include="lua.context.pas"/>
			<DCCReference Include="lua.loader.pas"/>
			<BuildConfiguration Include="Release">
				<Key>Cfg_2</Key>
				<CfgParent>Base</CfgParent>
			</BuildConfiguration>
			<BuildConfiguration Include="Base">
				<Key>Base</Key>
			</BuildConfiguration>
			<BuildConfiguration Include="Debug">
				<Key>Cfg_1</Key>
				<CfgParent>Base</CfgParent>
			</BuildConfiguration>
		</ItemGroup>
		<ProjectExtensions>
			<Borland.Personality>Delphi.Personality.12</Borland.Personality>
			<Borland.ProjectType/>
			<BorlandProject>
				<Delphi.Personality>
					<VersionInfo>
						<VersionInfo Name="IncludeVerInfo">False</VersionInfo>
						<VersionInfo Name="AutoIncBuild">False</VersionInfo>
						<VersionInfo Name="MajorVer">1</VersionInfo>
						<VersionInfo Name="MinorVer">0</VersionInfo>
						<VersionInfo Name="Release">0</VersionInfo>
						<VersionInfo Name="Build">0</VersionInfo>
						<VersionInfo Name="Debug">False</VersionInfo>
						<VersionInfo Name="PreRelease">False</VersionInfo>
						<VersionInfo Name="Special">False</VersionInfo>
						<VersionInfo Name="Private">False</VersionInfo>
						<VersionInfo Name="DLL">False</VersionInfo>
						<VersionInfo Name="Locale">1036</VersionInfo>
						<VersionInfo Name="CodePage">1252</VersionInfo>
					</VersionInfo>
					<VersionInfoKeys>
						<VersionInfoKeys Name="CompanyName"/>
						<VersionInfoKeys Name="FileDescription"/>
						<VersionInfoKeys Name="FileVersion">1.0.0.0</VersionInfoKeys>
						<VersionInfoKeys Name="InternalName"/>
						<VersionInfoKeys Name="LegalCopyright"/>
						<VersionInfoKeys Name="LegalTrademarks"/>
						<VersionInfoKeys Name="OriginalFilename"/>
						<VersionInfoKeys Name="ProductName"/>
						<VersionInfoKeys Name="ProductVersion">1.0.0.0</VersionInfoKeys>
						<VersionInfoKeys Name="Comments"/>
					</VersionInfoKeys>
					<Excluded_Packages>
						<Excluded_Packages Name="$(BDSBIN)\bcboffice2k160.bpl">Package Serveurs Office 2000 Embarcadero C++Builder</Excluded_Packages>
						<Excluded_Packages Name="$(BDSBIN)\bcbofficexp160.bpl">Package Serveurs Office XP Embarcadero C++Builder</Excluded_Packages>
						<Excluded_Packages Name="$(BDSBIN)\dcloffice2k160.bpl">Composants Microsoft Office 2000 Sample Automation Server Wrapper</Excluded_Packages>
						<Excluded_Packages Name="$(BDSBIN)\dclofficexp160.bpl">Composants Microsoft Office XP Sample Automation Server Wrapper</Excluded_Packages>
						<Excluded_Packages Name="D:\RAD Studio\Composants\Crisalid\teechart\Sources\..\Compiled\Delphi16.iOS\Bin\DclFMITeePro916.bpl">TeeChart Pro 2012 for FireMonkey iOS Components</Excluded_Packages>
					</Excluded_Packages>
					<Source>
						<Source Name="MainSource">Prosody.dpr</Source>
					</Source>
				</Delphi.Personality>
				<Deployment/>
				<Platforms>
					<Platform value="Win64">False</Platform>
					<Platform value="OSX32">False</Platform>
					<Platform value="Win32">True</Platform>
				</Platforms>
			</BorlandProject>
			<ProjectFileVersion>12</ProjectFileVersion>
		</ProjectExtensions>
		<Import Condition="Exists('$(BDS)\Bin\CodeGear.Delphi.Targets')" Project="$(BDS)\Bin\CodeGear.Delphi.Targets"/>
		<Import Condition="Exists('$(APPDATA)\Embarcadero\$(BDSAPPDATABASEDIR)\$(PRODUCTVERSION)\UserTools.proj')" Project="$(APPDATA)\Embarcadero\$(BDSAPPDATABASEDIR)\$(PRODUCTVERSION)\UserTools.proj"/>
	</Project>
